
Microsoft Visual Studio Solution File, Format Version 12.00
# Visual Studio Version 16
VisualStudioVersion = 16.0.30907.101
MinimumVisualStudioVersion = 10.0.40219.1
Project("{FAE04EC0-301F-11D3-BF4B-00C04F79EFBC}") = "PastaneStokVeSiparişTakibi", "PastaneStokVeSiparişTakibi\PastaneStokVeSiparişTakibi.csproj", "{F652D9D4-9381-4EB9-A69E-EC700E4099B3}"
EndProject
Project("{FAE04EC0-301F-11D3-BF4B-00C04F79EFBC}") = "CreatingOrderPage", "CreatingOrderPage\CreatingOrderPage.csproj", "{E4305488-9EB2-4F92-A2E3-447E7066E14E}"
EndProject
Global
	GlobalSection(SolutionConfigurationPlatforms) = preSolution
		Debug|Any CPU = Debug|Any CPU
		Release|Any CPU = Release|Any CPU
	EndGlobalSection
	GlobalSection(ProjectConfigurationPlatforms) = postSolution
		{F652D9D4-9381-4EB9-A69E-EC700E4099B3}.Debug|Any CPU.ActiveCfg = Debug|Any CPU
		{F652D9D4-9381-4EB9-A69E-EC700E4099B3}.Debug|Any CPU.Build.0 = Debug|Any CPU
		{F652D9D4-9381-4EB9-A69E-EC700E4099B3}.Release|Any CPU.ActiveCfg = Release|Any CPU
		{F652D9D4-9381-4EB9-A69E-EC700E4099B3}.Release|Any CPU.Build.0 = Release|Any CPU
		{E4305488-9EB2-4F92-A2E3-447E7066E14E}.Debug|Any CPU.ActiveCfg = Debug|Any CPU
		{E4305488-9EB2-4F92-A2E3-447E7066E14E}.Debug|Any CPU.Build.0 = Debug|Any CPU
		{E4305488-9EB2-4F92-A2E3-447E7066E14E}.Release|Any CPU.ActiveCfg = Release|Any CPU
		{E4305488-9EB2-4F92-A2E3-447E7066E14E}.Release|Any CPU.Build.0 = Release|Any CPU
	EndGlobalSection
	GlobalSection(SolutionProperties) = preSolution
		HideSolutionNode = FALSE
	EndGlobalSection
	GlobalSection(ExtensibilityGlobals) = postSolution
		SolutionGuid = {17E5129B-4B9D-42F8-B277-2795A9E90698}
	EndGlobalSection
EndGlobal
